
Microsoft Visual Studio Solution File, Format Version 12.00
# Visual Studio Version 17
VisualStudioVersion = 17.8.34601.278
MinimumVisualStudioVersion = 10.0.40219.1
Project("{9A19103F-16F7-4668-BE54-9A1E7A4F7556}") = "SearchService", "SearchService\SearchService.csproj", "{5BDC58FD-01E5-41DD-81FF-4D6161A23ADE}"
EndProject
Project("{9A19103F-16F7-4668-BE54-9A1E7A4F7556}") = "Contracts", "..\Contracts\Contracts\Contracts.csproj", "{4DFD09A0-BE5F-4416-B288-7FE745E0994F}"
EndProject
Global
	GlobalSection(SolutionConfigurationPlatforms) = preSolution
		Debug|Any CPU = Debug|Any CPU
		Release|Any CPU = Release|Any CPU
	EndGlobalSection
	GlobalSection(ProjectConfigurationPlatforms) = postSolution
		{5BDC58FD-01E5-41DD-81FF-4D6161A23ADE}.Debug|Any CPU.ActiveCfg = Debug|Any CPU
		{5BDC58FD-01E5-41DD-81FF-4D6161A23ADE}.Debug|Any CPU.Build.0 = Debug|Any CPU
		{5BDC58FD-01E5-41DD-81FF-4D6161A23ADE}.Release|Any CPU.ActiveCfg = Release|Any CPU
		{5BDC58FD-01E5-41DD-81FF-4D6161A23ADE}.Release|Any CPU.Build.0 = Release|Any CPU
		{4DFD09A0-BE5F-4416-B288-7FE745E0994F}.Debug|Any CPU.ActiveCfg = Debug|Any CPU
		{4DFD09A0-BE5F-4416-B288-7FE745E0994F}.Debug|Any CPU.Build.0 = Debug|Any CPU
		{4DFD09A0-BE5F-4416-B288-7FE745E0994F}.Release|Any CPU.ActiveCfg = Release|Any CPU
		{4DFD09A0-BE5F-4416-B288-7FE745E0994F}.Release|Any CPU.Build.0 = Release|Any CPU
	EndGlobalSection
	GlobalSection(SolutionProperties) = preSolution
		HideSolutionNode = FALSE
	EndGlobalSection
	GlobalSection(ExtensibilityGlobals) = postSolution
		SolutionGuid = {3A3E6141-4CAF-497E-88F1-85C0032953C2}
	EndGlobalSection
EndGlobal
