
Microsoft Visual Studio Solution File, Format Version 12.00
# Visual Studio Version 17
VisualStudioVersion = 17.8.34601.278
MinimumVisualStudioVersion = 10.0.40219.1
Project("{9A19103F-16F7-4668-BE54-9A1E7A4F7556}") = "AuctionService", "AuctionService\AuctionService.csproj", "{7C80D7A0-6A4E-4CCC-8FE7-CE369C4D7026}"
EndProject
Project("{9A19103F-16F7-4668-BE54-9A1E7A4F7556}") = "Contracts", "..\Contracts\Contracts\Contracts.csproj", "{4A190C92-237F-4FFD-B938-5F8871103C6F}"
EndProject
Global
	GlobalSection(SolutionConfigurationPlatforms) = preSolution
		Debug|Any CPU = Debug|Any CPU
		Release|Any CPU = Release|Any CPU
	EndGlobalSection
	GlobalSection(ProjectConfigurationPlatforms) = postSolution
		{7C80D7A0-6A4E-4CCC-8FE7-CE369C4D7026}.Debug|Any CPU.ActiveCfg = Debug|Any CPU
		{7C80D7A0-6A4E-4CCC-8FE7-CE369C4D7026}.Debug|Any CPU.Build.0 = Debug|Any CPU
		{7C80D7A0-6A4E-4CCC-8FE7-CE369C4D7026}.Release|Any CPU.ActiveCfg = Release|Any CPU
		{7C80D7A0-6A4E-4CCC-8FE7-CE369C4D7026}.Release|Any CPU.Build.0 = Release|Any CPU
		{4A190C92-237F-4FFD-B938-5F8871103C6F}.Debug|Any CPU.ActiveCfg = Debug|Any CPU
		{4A190C92-237F-4FFD-B938-5F8871103C6F}.Debug|Any CPU.Build.0 = Debug|Any CPU
		{4A190C92-237F-4FFD-B938-5F8871103C6F}.Release|Any CPU.ActiveCfg = Release|Any CPU
		{4A190C92-237F-4FFD-B938-5F8871103C6F}.Release|Any CPU.Build.0 = Release|Any CPU
	EndGlobalSection
	GlobalSection(SolutionProperties) = preSolution
		HideSolutionNode = FALSE
	EndGlobalSection
	GlobalSection(ExtensibilityGlobals) = postSolution
		SolutionGuid = {E30E1906-82E8-4D36-8642-6BAD5FDB1334}
	EndGlobalSection
EndGlobal
