
Microsoft Visual Studio Solution File, Format Version 12.00
# Visual Studio Version 17
VisualStudioVersion = 17.8.34601.278
MinimumVisualStudioVersion = 10.0.40219.1
Project("{FAE04EC0-301F-11D3-BF4B-00C04F79EFBC}") = "IdentityService", "IdentityService\IdentityService.csproj", "{505F220D-1159-4C6D-8056-B4777BEC9E12}"
EndProject
Global
	GlobalSection(SolutionConfigurationPlatforms) = preSolution
		Debug|Any CPU = Debug|Any CPU
		Release|Any CPU = Release|Any CPU
	EndGlobalSection
	GlobalSection(ProjectConfigurationPlatforms) = postSolution
		{505F220D-1159-4C6D-8056-B4777BEC9E12}.Debug|Any CPU.ActiveCfg = Debug|Any CPU
		{505F220D-1159-4C6D-8056-B4777BEC9E12}.Debug|Any CPU.Build.0 = Debug|Any CPU
		{505F220D-1159-4C6D-8056-B4777BEC9E12}.Release|Any CPU.ActiveCfg = Release|Any CPU
		{505F220D-1159-4C6D-8056-B4777BEC9E12}.Release|Any CPU.Build.0 = Release|Any CPU
	EndGlobalSection
	GlobalSection(SolutionProperties) = preSolution
		HideSolutionNode = FALSE
	EndGlobalSection
	GlobalSection(ExtensibilityGlobals) = postSolution
		SolutionGuid = {383B76A7-B7AA-4DCA-A7FC-D5EEF6C00F71}
	EndGlobalSection
EndGlobal
