
Microsoft Visual Studio Solution File, Format Version 12.00
# Visual Studio Version 17
VisualStudioVersion = 17.9.34902.65
MinimumVisualStudioVersion = 10.0.40219.1
Project("{FAE04EC0-301F-11D3-BF4B-00C04F79EFBC}") = "GatewayService", "GatewayService\GatewayService.csproj", "{375A4E75-ABD0-48D8-8FD4-FDD1C7598E65}"
EndProject
Global
	GlobalSection(SolutionConfigurationPlatforms) = preSolution
		Debug|Any CPU = Debug|Any CPU
		Release|Any CPU = Release|Any CPU
	EndGlobalSection
	GlobalSection(ProjectConfigurationPlatforms) = postSolution
		{375A4E75-ABD0-48D8-8FD4-FDD1C7598E65}.Debug|Any CPU.ActiveCfg = Debug|Any CPU
		{375A4E75-ABD0-48D8-8FD4-FDD1C7598E65}.Debug|Any CPU.Build.0 = Debug|Any CPU
		{375A4E75-ABD0-48D8-8FD4-FDD1C7598E65}.Release|Any CPU.ActiveCfg = Release|Any CPU
		{375A4E75-ABD0-48D8-8FD4-FDD1C7598E65}.Release|Any CPU.Build.0 = Release|Any CPU
	EndGlobalSection
	GlobalSection(SolutionProperties) = preSolution
		HideSolutionNode = FALSE
	EndGlobalSection
	GlobalSection(ExtensibilityGlobals) = postSolution
		SolutionGuid = {3CE5650D-F4AC-4AB4-8D81-C14B923A84CF}
	EndGlobalSection
EndGlobal
